
Microsoft Visual Studio Solution File, Format Version 12.00
# Visual Studio Version 16
VisualStudioVersion = 16.0.31410.357
MinimumVisualStudioVersion = 10.0.40219.1
Project("{9A19103F-16F7-4668-BE54-9A1E7A4F7556}") = "TaskUltimate.Api", "TaskUltimate.Api\TaskUltimate.Api.csproj", "{84159267-127D-447D-9B7C-7AEB1B8DA688}"
EndProject
Project("{9A19103F-16F7-4668-BE54-9A1E7A4F7556}") = "TaskUltimateBibliotec", "TaskUltimateBibliotec\TaskUltimateBibliotec.csproj", "{2B4F657D-F6ED-40D6-8FCB-88D3AF3745C4}"
EndProject
Project("{9A19103F-16F7-4668-BE54-9A1E7A4F7556}") = "TaskUltimate.Server", "TaskUltimate.Server\TaskUltimate.Server.csproj", "{0AB3FF52-D3F3-49E7-8943-A6EE939EFD3A}"
EndProject
Global
	GlobalSection(SolutionConfigurationPlatforms) = preSolution
		Debug|Any CPU = Debug|Any CPU
		Release|Any CPU = Release|Any CPU
	EndGlobalSection
	GlobalSection(ProjectConfigurationPlatforms) = postSolution
		{84159267-127D-447D-9B7C-7AEB1B8DA688}.Debug|Any CPU.ActiveCfg = Debug|Any CPU
		{84159267-127D-447D-9B7C-7AEB1B8DA688}.Debug|Any CPU.Build.0 = Debug|Any CPU
		{84159267-127D-447D-9B7C-7AEB1B8DA688}.Release|Any CPU.ActiveCfg = Release|Any CPU
		{84159267-127D-447D-9B7C-7AEB1B8DA688}.Release|Any CPU.Build.0 = Release|Any CPU
		{2B4F657D-F6ED-40D6-8FCB-88D3AF3745C4}.Debug|Any CPU.ActiveCfg = Debug|Any CPU
		{2B4F657D-F6ED-40D6-8FCB-88D3AF3745C4}.Debug|Any CPU.Build.0 = Debug|Any CPU
		{2B4F657D-F6ED-40D6-8FCB-88D3AF3745C4}.Release|Any CPU.ActiveCfg = Release|Any CPU
		{2B4F657D-F6ED-40D6-8FCB-88D3AF3745C4}.Release|Any CPU.Build.0 = Release|Any CPU
		{0AB3FF52-D3F3-49E7-8943-A6EE939EFD3A}.Debug|Any CPU.ActiveCfg = Debug|Any CPU
		{0AB3FF52-D3F3-49E7-8943-A6EE939EFD3A}.Debug|Any CPU.Build.0 = Debug|Any CPU
		{0AB3FF52-D3F3-49E7-8943-A6EE939EFD3A}.Release|Any CPU.ActiveCfg = Release|Any CPU
		{0AB3FF52-D3F3-49E7-8943-A6EE939EFD3A}.Release|Any CPU.Build.0 = Release|Any CPU
	EndGlobalSection
	GlobalSection(SolutionProperties) = preSolution
		HideSolutionNode = FALSE
	EndGlobalSection
	GlobalSection(ExtensibilityGlobals) = postSolution
		SolutionGuid = {A8F644F9-A8CD-4DEB-BE99-FABA991CDC68}
	EndGlobalSection
EndGlobal
